
Microsoft Visual Studio Solution File, Format Version 12.00
# Visual Studio Version 17
VisualStudioVersion = 17.7.34221.43
MinimumVisualStudioVersion = 10.0.40219.1
Project("{FAE04EC0-301F-11D3-BF4B-00C04F79EFBC}") = "QLKS", "QLKS\QLKS.csproj", "{8E85E119-C00C-44C2-B6B4-79544BF2CB5A}"
EndProject
Global
	GlobalSection(SolutionConfigurationPlatforms) = preSolution
		Debug|Any CPU = Debug|Any CPU
		Release|Any CPU = Release|Any CPU
	EndGlobalSection
	GlobalSection(ProjectConfigurationPlatforms) = postSolution
		{8E85E119-C00C-44C2-B6B4-79544BF2CB5A}.Debug|Any CPU.ActiveCfg = Debug|Any CPU
		{8E85E119-C00C-44C2-B6B4-79544BF2CB5A}.Debug|Any CPU.Build.0 = Debug|Any CPU
		{8E85E119-C00C-44C2-B6B4-79544BF2CB5A}.Release|Any CPU.ActiveCfg = Release|Any CPU
		{8E85E119-C00C-44C2-B6B4-79544BF2CB5A}.Release|Any CPU.Build.0 = Release|Any CPU
	EndGlobalSection
	GlobalSection(SolutionProperties) = preSolution
		HideSolutionNode = FALSE
	EndGlobalSection
	GlobalSection(ExtensibilityGlobals) = postSolution
		SolutionGuid = {FE684FA1-8F24-425A-AB59-94C3044D65AA}
	EndGlobalSection
EndGlobal
